
Microsoft Visual Studio Solution File, Format Version 12.00
# Visual Studio Version 17
VisualStudioVersion = 17.7.34221.43
MinimumVisualStudioVersion = 10.0.40219.1
Project("{FAE04EC0-301F-11D3-BF4B-00C04F79EFBC}") = "UtmBuilder.Core", "UtmBuilder.Core\UtmBuilder.Core.csproj", "{69505159-6D02-4357-99AB-812EA40E1DDC}"
EndProject
Global
	GlobalSection(SolutionConfigurationPlatforms) = preSolution
		Debug|Any CPU = Debug|Any CPU
		Release|Any CPU = Release|Any CPU
	EndGlobalSection
	GlobalSection(ProjectConfigurationPlatforms) = postSolution
		{69505159-6D02-4357-99AB-812EA40E1DDC}.Debug|Any CPU.ActiveCfg = Debug|Any CPU
		{69505159-6D02-4357-99AB-812EA40E1DDC}.Debug|Any CPU.Build.0 = Debug|Any CPU
		{69505159-6D02-4357-99AB-812EA40E1DDC}.Release|Any CPU.ActiveCfg = Release|Any CPU
		{69505159-6D02-4357-99AB-812EA40E1DDC}.Release|Any CPU.Build.0 = Release|Any CPU
	EndGlobalSection
	GlobalSection(SolutionProperties) = preSolution
		HideSolutionNode = FALSE
	EndGlobalSection
	GlobalSection(ExtensibilityGlobals) = postSolution
		SolutionGuid = {D5AAB69E-FBF8-4C93-807D-43B8433F283A}
	EndGlobalSection
EndGlobal
